
Microsoft Visual Studio Solution File, Format Version 12.00
# Visual Studio Version 17
VisualStudioVersion = 17.0.31919.166
MinimumVisualStudioVersion = 10.0.40219.1
Project("{FAE04EC0-301F-11D3-BF4B-00C04F79EFBC}") = "MyBlock", "MyBlock\MyBlock.csproj", "{E2DF5541-E227-4BF4-99EF-7F69D42AF84A}"
EndProject
Global
	GlobalSection(SolutionConfigurationPlatforms) = preSolution
		Debug|Any CPU = Debug|Any CPU
		Release|Any CPU = Release|Any CPU
	EndGlobalSection
	GlobalSection(ProjectConfigurationPlatforms) = postSolution
		{E2DF5541-E227-4BF4-99EF-7F69D42AF84A}.Debug|Any CPU.ActiveCfg = Debug|Any CPU
		{E2DF5541-E227-4BF4-99EF-7F69D42AF84A}.Debug|Any CPU.Build.0 = Debug|Any CPU
		{E2DF5541-E227-4BF4-99EF-7F69D42AF84A}.Release|Any CPU.ActiveCfg = Release|Any CPU
		{E2DF5541-E227-4BF4-99EF-7F69D42AF84A}.Release|Any CPU.Build.0 = Release|Any CPU
	EndGlobalSection
	GlobalSection(SolutionProperties) = preSolution
		HideSolutionNode = FALSE
	EndGlobalSection
	GlobalSection(ExtensibilityGlobals) = postSolution
		SolutionGuid = {10DEB9D7-9FF0-4ADC-9042-AA28B45A4959}
	EndGlobalSection
EndGlobal
